
Microsoft Visual Studio Solution File, Format Version 12.00
# Visual Studio Version 16
VisualStudioVersion = 16.0.29503.13
MinimumVisualStudioVersion = 10.0.40219.1
Project("{9A19103F-16F7-4668-BE54-9A1E7A4F7556}") = "ActorWebChat", "ActorWebChat\ActorWebChat.csproj", "{4D165339-6FE7-4969-800B-5925F0799569}"
EndProject
Project("{FAE04EC0-301F-11D3-BF4B-00C04F79EFBC}") = "GrainInterfaces", "GrainInterfaces\GrainInterfaces.csproj", "{9F89BF7E-C120-499D-B529-777E1CBF2737}"
EndProject
Project("{FAE04EC0-301F-11D3-BF4B-00C04F79EFBC}") = "Utils", "Utils\Utils.csproj", "{89014734-9742-44A6-ADF1-700DFCAADB47}"
EndProject
Project("{FAE04EC0-301F-11D3-BF4B-00C04F79EFBC}") = "Grains", "Grains\Grains.csproj", "{ED34279C-2234-463E-A903-52B00E5A0C15}"
EndProject
Project("{FAE04EC0-301F-11D3-BF4B-00C04F79EFBC}") = "Silo", "Silo\Silo.csproj", "{6A13969E-7A8A-4B8D-9757-2E22925D255A}"
EndProject
Global
	GlobalSection(SolutionConfigurationPlatforms) = preSolution
		Debug|Any CPU = Debug|Any CPU
		Release|Any CPU = Release|Any CPU
	EndGlobalSection
	GlobalSection(ProjectConfigurationPlatforms) = postSolution
		{4D165339-6FE7-4969-800B-5925F0799569}.Debug|Any CPU.ActiveCfg = Debug|Any CPU
		{4D165339-6FE7-4969-800B-5925F0799569}.Debug|Any CPU.Build.0 = Debug|Any CPU
		{4D165339-6FE7-4969-800B-5925F0799569}.Release|Any CPU.ActiveCfg = Release|Any CPU
		{4D165339-6FE7-4969-800B-5925F0799569}.Release|Any CPU.Build.0 = Release|Any CPU
		{9F89BF7E-C120-499D-B529-777E1CBF2737}.Debug|Any CPU.ActiveCfg = Debug|Any CPU
		{9F89BF7E-C120-499D-B529-777E1CBF2737}.Debug|Any CPU.Build.0 = Debug|Any CPU
		{9F89BF7E-C120-499D-B529-777E1CBF2737}.Release|Any CPU.ActiveCfg = Release|Any CPU
		{9F89BF7E-C120-499D-B529-777E1CBF2737}.Release|Any CPU.Build.0 = Release|Any CPU
		{89014734-9742-44A6-ADF1-700DFCAADB47}.Debug|Any CPU.ActiveCfg = Debug|Any CPU
		{89014734-9742-44A6-ADF1-700DFCAADB47}.Debug|Any CPU.Build.0 = Debug|Any CPU
		{89014734-9742-44A6-ADF1-700DFCAADB47}.Release|Any CPU.ActiveCfg = Release|Any CPU
		{89014734-9742-44A6-ADF1-700DFCAADB47}.Release|Any CPU.Build.0 = Release|Any CPU
		{ED34279C-2234-463E-A903-52B00E5A0C15}.Debug|Any CPU.ActiveCfg = Debug|Any CPU
		{ED34279C-2234-463E-A903-52B00E5A0C15}.Debug|Any CPU.Build.0 = Debug|Any CPU
		{ED34279C-2234-463E-A903-52B00E5A0C15}.Release|Any CPU.ActiveCfg = Release|Any CPU
		{ED34279C-2234-463E-A903-52B00E5A0C15}.Release|Any CPU.Build.0 = Release|Any CPU
		{6A13969E-7A8A-4B8D-9757-2E22925D255A}.Debug|Any CPU.ActiveCfg = Debug|Any CPU
		{6A13969E-7A8A-4B8D-9757-2E22925D255A}.Debug|Any CPU.Build.0 = Debug|Any CPU
		{6A13969E-7A8A-4B8D-9757-2E22925D255A}.Release|Any CPU.ActiveCfg = Release|Any CPU
		{6A13969E-7A8A-4B8D-9757-2E22925D255A}.Release|Any CPU.Build.0 = Release|Any CPU
	EndGlobalSection
	GlobalSection(SolutionProperties) = preSolution
		HideSolutionNode = FALSE
	EndGlobalSection
	GlobalSection(ExtensibilityGlobals) = postSolution
		SolutionGuid = {F94E4898-9607-4AB0-8AD4-80B4A24492E0}
	EndGlobalSection
EndGlobal
